
Microsoft Visual Studio Solution File, Format Version 12.00
# Visual Studio Version 17
VisualStudioVersion = 17.10.35013.160
MinimumVisualStudioVersion = 10.0.40219.1
Project("{8BC9CEB8-8B4A-11D0-8D11-00A0C91BC942}") = "Project4", "Project4\Project4.vcxproj", "{F9E4BCFD-8C49-4192-9D5D-51A32FA919BA}"
EndProject
Project("{8BC9CEB8-8B4A-11D0-8D11-00A0C91BC942}") = "Sample-Test4", "Sample-Test4\Sample-Test4.vcxproj", "{497F9299-7C4E-4D4C-9DD8-5A41ECD354AF}"
EndProject
Project("{2150E333-8FDC-42A3-9474-1A3956D46DE8}") = "솔루션 항목", "솔루션 항목", "{C8D77D12-1A5E-47E7-99B9-4B7C25A3A547}"
	ProjectSection(SolutionItems) = preProject
		.editorconfig = .editorconfig
		.gitignore = .gitignore
		README.md = README.md
	EndProjectSection
EndProject
Global
	GlobalSection(SolutionConfigurationPlatforms) = preSolution
		Debug|x64 = Debug|x64
		Debug|x86 = Debug|x86
		Release|x64 = Release|x64
		Release|x86 = Release|x86
	EndGlobalSection
	GlobalSection(ProjectConfigurationPlatforms) = postSolution
		{F9E4BCFD-8C49-4192-9D5D-51A32FA919BA}.Debug|x64.ActiveCfg = Debug|x64
		{F9E4BCFD-8C49-4192-9D5D-51A32FA919BA}.Debug|x64.Build.0 = Debug|x64
		{F9E4BCFD-8C49-4192-9D5D-51A32FA919BA}.Debug|x86.ActiveCfg = Debug|Win32
		{F9E4BCFD-8C49-4192-9D5D-51A32FA919BA}.Debug|x86.Build.0 = Debug|Win32
		{F9E4BCFD-8C49-4192-9D5D-51A32FA919BA}.Release|x64.ActiveCfg = Release|x64
		{F9E4BCFD-8C49-4192-9D5D-51A32FA919BA}.Release|x64.Build.0 = Release|x64
		{F9E4BCFD-8C49-4192-9D5D-51A32FA919BA}.Release|x86.ActiveCfg = Release|Win32
		{F9E4BCFD-8C49-4192-9D5D-51A32FA919BA}.Release|x86.Build.0 = Release|Win32
		{497F9299-7C4E-4D4C-9DD8-5A41ECD354AF}.Debug|x64.ActiveCfg = Debug|x64
		{497F9299-7C4E-4D4C-9DD8-5A41ECD354AF}.Debug|x64.Build.0 = Debug|x64
		{497F9299-7C4E-4D4C-9DD8-5A41ECD354AF}.Debug|x86.ActiveCfg = Debug|Win32
		{497F9299-7C4E-4D4C-9DD8-5A41ECD354AF}.Debug|x86.Build.0 = Debug|Win32
		{497F9299-7C4E-4D4C-9DD8-5A41ECD354AF}.Release|x64.ActiveCfg = Release|x64
		{497F9299-7C4E-4D4C-9DD8-5A41ECD354AF}.Release|x64.Build.0 = Release|x64
		{497F9299-7C4E-4D4C-9DD8-5A41ECD354AF}.Release|x86.ActiveCfg = Release|Win32
		{497F9299-7C4E-4D4C-9DD8-5A41ECD354AF}.Release|x86.Build.0 = Release|Win32
	EndGlobalSection
	GlobalSection(SolutionProperties) = preSolution
		HideSolutionNode = FALSE
	EndGlobalSection
	GlobalSection(ExtensibilityGlobals) = postSolution
		SolutionGuid = {5827A964-C9DD-46C5-8BAB-DEE9CA07F9E5}
	EndGlobalSection
EndGlobal
